
Microsoft Visual Studio Solution File, Format Version 12.00
# Visual Studio Version 17
VisualStudioVersion = 17.7.34024.191
MinimumVisualStudioVersion = 10.0.40219.1
Project("{FAE04EC0-301F-11D3-BF4B-00C04F79EFBC}") = "csharp-gestore-eventi", "csharp-gestore-eventi\csharp-gestore-eventi.csproj", "{4E36BECB-2410-4725-91F6-DCA603942CF4}"
EndProject
Global
	GlobalSection(SolutionConfigurationPlatforms) = preSolution
		Debug|Any CPU = Debug|Any CPU
		Release|Any CPU = Release|Any CPU
	EndGlobalSection
	GlobalSection(ProjectConfigurationPlatforms) = postSolution
		{4E36BECB-2410-4725-91F6-DCA603942CF4}.Debug|Any CPU.ActiveCfg = Debug|Any CPU
		{4E36BECB-2410-4725-91F6-DCA603942CF4}.Debug|Any CPU.Build.0 = Debug|Any CPU
		{4E36BECB-2410-4725-91F6-DCA603942CF4}.Release|Any CPU.ActiveCfg = Release|Any CPU
		{4E36BECB-2410-4725-91F6-DCA603942CF4}.Release|Any CPU.Build.0 = Release|Any CPU
	EndGlobalSection
	GlobalSection(SolutionProperties) = preSolution
		HideSolutionNode = FALSE
	EndGlobalSection
	GlobalSection(ExtensibilityGlobals) = postSolution
		SolutionGuid = {B27FB559-24A5-4685-B450-9F7CEF575228}
	EndGlobalSection
EndGlobal
